{
  "name": "expensify",
  "version": "1.0.0",
  "lockfileVersion": 1,
  "requires": true,
  "dependencies": {
    "moment": {
      "version": "2.18.1",
      "resolved": "https://registry.npmjs.org/moment/-/moment-2.18.1.tgz",
      "integrity": "sha1-w2GT3Tzhwu7SrbfIAtu8d6gbHA8="
    },
    "react-moment": {
      "version": "0.9.2",
      "resolved": "https://registry.npmjs.org/react-moment/-/react-moment-0.9.2.tgz",
      "integrity": "sha512-jpKIEvcEOTSa4RXWTjDlvja7sN+ee5Gyk5ZKa704FZxE01OxmKIpq9GUliqTrAgdDYJJUQsnqQamczn0TN+DTg=="
    }
  }
}
